
Microsoft Visual Studio Solution File, Format Version 12.00
# Visual Studio Version 17
VisualStudioVersion = 17.11.35312.102
MinimumVisualStudioVersion = 10.0.40219.1
Project("{8BC9CEB8-8B4A-11D0-8D11-00A0C91BC942}") = "2.27", "2.27\2.27.vcxproj", "{FABCFECF-49F6-4F05-84B1-B2BD92BC1148}"
EndProject
Global
	GlobalSection(SolutionConfigurationPlatforms) = preSolution
		Debug|x64 = Debug|x64
		Debug|x86 = Debug|x86
		Release|x64 = Release|x64
		Release|x86 = Release|x86
	EndGlobalSection
	GlobalSection(ProjectConfigurationPlatforms) = postSolution
		{FABCFECF-49F6-4F05-84B1-B2BD92BC1148}.Debug|x64.ActiveCfg = Debug|x64
		{FABCFECF-49F6-4F05-84B1-B2BD92BC1148}.Debug|x64.Build.0 = Debug|x64
		{FABCFECF-49F6-4F05-84B1-B2BD92BC1148}.Debug|x86.ActiveCfg = Debug|Win32
		{FABCFECF-49F6-4F05-84B1-B2BD92BC1148}.Debug|x86.Build.0 = Debug|Win32
		{FABCFECF-49F6-4F05-84B1-B2BD92BC1148}.Release|x64.ActiveCfg = Release|x64
		{FABCFECF-49F6-4F05-84B1-B2BD92BC1148}.Release|x64.Build.0 = Release|x64
		{FABCFECF-49F6-4F05-84B1-B2BD92BC1148}.Release|x86.ActiveCfg = Release|Win32
		{FABCFECF-49F6-4F05-84B1-B2BD92BC1148}.Release|x86.Build.0 = Release|Win32
	EndGlobalSection
	GlobalSection(SolutionProperties) = preSolution
		HideSolutionNode = FALSE
	EndGlobalSection
	GlobalSection(ExtensibilityGlobals) = postSolution
		SolutionGuid = {4D54D41C-15CF-40C0-BE47-E8E2673AD29C}
	EndGlobalSection
EndGlobal
